<Solution>
  <Folder Name="/Solution Items/">
    <File Path=".editorconfig" />
    <File Path="Directory.Build.props" />
  </Folder>
  <Folder Name="/UBP.Core/">
    <Project Path="UBP.Core.Data.EF/UBP.Core.Data.EF.csproj" Id="9c7f725c-a9d4-449e-a546-da90e8985cfd" />
    <Project Path="UBP.Core/UBP.Core.Domain/UBP.Core.Domain.csproj" />
    <Project Path="UBP.Core/UBP.Core.Persistence.EF/UBP.Core.Persistence.EF.csproj" />
    <Project Path="UBP.Core/UBP.Core.Persistence/UBP.Core.Persistence.csproj" />
  </Folder>
  <Folder Name="/UBP.IAM/" />
  <Folder Name="/UBP.Tenant/">
    <Project Path="UBP.Tenant.Persistence/UBP.Tenant.Persistence.csproj" Id="a9a8c384-b169-4e45-be62-12c179b7967d" />
    <Project Path="UBP.Tenant/UBP.Tenant.Domain/UBP.Tenant.Domain.csproj" />
  </Folder>
  <Project Path="UBP.CQRS/UBP.CQRS.csproj" />
  <Project Path="UBP.Logging/UBP.Logging.csproj" Id="534e04af-4a55-4c98-b242-5fa2f9561d02" />
</Solution>
